
Microsoft Visual Studio Solution File, Format Version 12.00
# Visual Studio 15
VisualStudioVersion = 15.0.28010.2026
MinimumVisualStudioVersion = 10.0.40219.1
Project("{FAE04EC0-301F-11D3-BF4B-00C04F79EFBC}") = "Models", "Models\Models.csproj", "{BD7D27C9-44E1-4908-A6EA-7C9D0BF21865}"
EndProject
Project("{FAE04EC0-301F-11D3-BF4B-00C04F79EFBC}") = "DBRepository", "DBRepository\DBRepository.csproj", "{5E22E8A7-DD9B-4920-B676-98CCE29DB28C}"
EndProject
Project("{FAE04EC0-301F-11D3-BF4B-00C04F79EFBC}") = "mohome-api", "mohome-api\mohome-api.csproj", "{F75CA544-8497-49EB-BE6E-94803B7A5C31}"
EndProject
Global
	GlobalSection(SolutionConfigurationPlatforms) = preSolution
		Debug|Any CPU = Debug|Any CPU
		Release|Any CPU = Release|Any CPU
	EndGlobalSection
	GlobalSection(ProjectConfigurationPlatforms) = postSolution
		{BD7D27C9-44E1-4908-A6EA-7C9D0BF21865}.Debug|Any CPU.ActiveCfg = Debug|Any CPU
		{BD7D27C9-44E1-4908-A6EA-7C9D0BF21865}.Debug|Any CPU.Build.0 = Debug|Any CPU
		{BD7D27C9-44E1-4908-A6EA-7C9D0BF21865}.Release|Any CPU.ActiveCfg = Release|Any CPU
		{BD7D27C9-44E1-4908-A6EA-7C9D0BF21865}.Release|Any CPU.Build.0 = Release|Any CPU
		{5E22E8A7-DD9B-4920-B676-98CCE29DB28C}.Debug|Any CPU.ActiveCfg = Debug|Any CPU
		{5E22E8A7-DD9B-4920-B676-98CCE29DB28C}.Debug|Any CPU.Build.0 = Debug|Any CPU
		{5E22E8A7-DD9B-4920-B676-98CCE29DB28C}.Release|Any CPU.ActiveCfg = Release|Any CPU
		{5E22E8A7-DD9B-4920-B676-98CCE29DB28C}.Release|Any CPU.Build.0 = Release|Any CPU
		{F75CA544-8497-49EB-BE6E-94803B7A5C31}.Debug|Any CPU.ActiveCfg = Debug|Any CPU
		{F75CA544-8497-49EB-BE6E-94803B7A5C31}.Debug|Any CPU.Build.0 = Debug|Any CPU
		{F75CA544-8497-49EB-BE6E-94803B7A5C31}.Release|Any CPU.ActiveCfg = Release|Any CPU
		{F75CA544-8497-49EB-BE6E-94803B7A5C31}.Release|Any CPU.Build.0 = Release|Any CPU
	EndGlobalSection
	GlobalSection(SolutionProperties) = preSolution
		HideSolutionNode = FALSE
	EndGlobalSection
	GlobalSection(ExtensibilityGlobals) = postSolution
		SolutionGuid = {D5D8431A-0E55-4AE7-8131-085F1044CC24}
	EndGlobalSection
EndGlobal
